
Microsoft Visual Studio Solution File, Format Version 12.00
# Visual Studio 14
VisualStudioVersion = 14.0.25420.1
MinimumVisualStudioVersion = 10.0.40219.1
Project("{FAE04EC0-301F-11D3-BF4B-00C04F79EFBC}") = "Task1", "Task1\Task1.csproj", "{DDFFA9C6-2998-49A8-BD96-B47B47DA5593}"
EndProject
Project("{FAE04EC0-301F-11D3-BF4B-00C04F79EFBC}") = "Task 3", "Task 3\Task 3.csproj", "{1C822608-7050-4E77-9279-67DEBBE081D1}"
EndProject
Project("{888888A0-9F3D-457C-B088-3A5042F75D52}") = "Task1 Python", "Task1 Python\Task1 Python.pyproj", "{BE7E9D4D-0A95-47F3-A316-827624E997EE}"
EndProject
Project("{FAE04EC0-301F-11D3-BF4B-00C04F79EFBC}") = "Task 4 - Long arithmetics", "Task 8 - Long arithmetics\Task 4 - Long arithmetics.csproj", "{BF986409-B6F8-442A-8B9B-222F43928487}"
EndProject
Project("{FAE04EC0-301F-11D3-BF4B-00C04F79EFBC}") = "Task 5", "Task 5\Task 5.csproj", "{83DD48DC-31DA-47EC-8D96-0386FE0AF630}"
EndProject
Project("{FAE04EC0-301F-11D3-BF4B-00C04F79EFBC}") = "Task6", "Task6\Task6.csproj", "{5D2B5CFB-83FA-4710-A1CB-7E577EE0D90F}"
EndProject
Project("{FAE04EC0-301F-11D3-BF4B-00C04F79EFBC}") = "Task 11", "Task 11\Task 11.csproj", "{68CAA0E1-BF7A-491C-A510-B3E5D12C8DD7}"
EndProject
Project("{FAE04EC0-301F-11D3-BF4B-00C04F79EFBC}") = "Task 7", "Task 7\Task 7.csproj", "{3491E241-2123-40E6-B780-8C7BB7E44DD9}"
EndProject
Project("{FAE04EC0-301F-11D3-BF4B-00C04F79EFBC}") = "Realization of List", "Realization of List\Realization of List.csproj", "{C3E4096B-1D3B-43E1-9446-5512B07F26F3}"
EndProject
Global
	GlobalSection(SolutionConfigurationPlatforms) = preSolution
		Debug|Any CPU = Debug|Any CPU
		Release|Any CPU = Release|Any CPU
	EndGlobalSection
	GlobalSection(ProjectConfigurationPlatforms) = postSolution
		{DDFFA9C6-2998-49A8-BD96-B47B47DA5593}.Debug|Any CPU.ActiveCfg = Debug|Any CPU
		{DDFFA9C6-2998-49A8-BD96-B47B47DA5593}.Debug|Any CPU.Build.0 = Debug|Any CPU
		{DDFFA9C6-2998-49A8-BD96-B47B47DA5593}.Release|Any CPU.ActiveCfg = Release|Any CPU
		{DDFFA9C6-2998-49A8-BD96-B47B47DA5593}.Release|Any CPU.Build.0 = Release|Any CPU
		{1C822608-7050-4E77-9279-67DEBBE081D1}.Debug|Any CPU.ActiveCfg = Debug|Any CPU
		{1C822608-7050-4E77-9279-67DEBBE081D1}.Debug|Any CPU.Build.0 = Debug|Any CPU
		{1C822608-7050-4E77-9279-67DEBBE081D1}.Release|Any CPU.ActiveCfg = Release|Any CPU
		{1C822608-7050-4E77-9279-67DEBBE081D1}.Release|Any CPU.Build.0 = Release|Any CPU
		{BE7E9D4D-0A95-47F3-A316-827624E997EE}.Debug|Any CPU.ActiveCfg = Debug|Any CPU
		{BE7E9D4D-0A95-47F3-A316-827624E997EE}.Release|Any CPU.ActiveCfg = Release|Any CPU
		{BF986409-B6F8-442A-8B9B-222F43928487}.Debug|Any CPU.ActiveCfg = Debug|Any CPU
		{BF986409-B6F8-442A-8B9B-222F43928487}.Debug|Any CPU.Build.0 = Debug|Any CPU
		{BF986409-B6F8-442A-8B9B-222F43928487}.Release|Any CPU.ActiveCfg = Release|Any CPU
		{BF986409-B6F8-442A-8B9B-222F43928487}.Release|Any CPU.Build.0 = Release|Any CPU
		{83DD48DC-31DA-47EC-8D96-0386FE0AF630}.Debug|Any CPU.ActiveCfg = Debug|Any CPU
		{83DD48DC-31DA-47EC-8D96-0386FE0AF630}.Debug|Any CPU.Build.0 = Debug|Any CPU
		{83DD48DC-31DA-47EC-8D96-0386FE0AF630}.Release|Any CPU.ActiveCfg = Release|Any CPU
		{83DD48DC-31DA-47EC-8D96-0386FE0AF630}.Release|Any CPU.Build.0 = Release|Any CPU
		{5D2B5CFB-83FA-4710-A1CB-7E577EE0D90F}.Debug|Any CPU.ActiveCfg = Debug|Any CPU
		{5D2B5CFB-83FA-4710-A1CB-7E577EE0D90F}.Debug|Any CPU.Build.0 = Debug|Any CPU
		{5D2B5CFB-83FA-4710-A1CB-7E577EE0D90F}.Release|Any CPU.ActiveCfg = Release|Any CPU
		{5D2B5CFB-83FA-4710-A1CB-7E577EE0D90F}.Release|Any CPU.Build.0 = Release|Any CPU
		{68CAA0E1-BF7A-491C-A510-B3E5D12C8DD7}.Debug|Any CPU.ActiveCfg = Debug|Any CPU
		{68CAA0E1-BF7A-491C-A510-B3E5D12C8DD7}.Debug|Any CPU.Build.0 = Debug|Any CPU
		{68CAA0E1-BF7A-491C-A510-B3E5D12C8DD7}.Release|Any CPU.ActiveCfg = Release|Any CPU
		{68CAA0E1-BF7A-491C-A510-B3E5D12C8DD7}.Release|Any CPU.Build.0 = Release|Any CPU
		{3491E241-2123-40E6-B780-8C7BB7E44DD9}.Debug|Any CPU.ActiveCfg = Debug|Any CPU
		{3491E241-2123-40E6-B780-8C7BB7E44DD9}.Debug|Any CPU.Build.0 = Debug|Any CPU
		{3491E241-2123-40E6-B780-8C7BB7E44DD9}.Release|Any CPU.ActiveCfg = Release|Any CPU
		{3491E241-2123-40E6-B780-8C7BB7E44DD9}.Release|Any CPU.Build.0 = Release|Any CPU
		{C3E4096B-1D3B-43E1-9446-5512B07F26F3}.Debug|Any CPU.ActiveCfg = Debug|Any CPU
		{C3E4096B-1D3B-43E1-9446-5512B07F26F3}.Debug|Any CPU.Build.0 = Debug|Any CPU
		{C3E4096B-1D3B-43E1-9446-5512B07F26F3}.Release|Any CPU.ActiveCfg = Release|Any CPU
		{C3E4096B-1D3B-43E1-9446-5512B07F26F3}.Release|Any CPU.Build.0 = Release|Any CPU
	EndGlobalSection
	GlobalSection(SolutionProperties) = preSolution
		HideSolutionNode = FALSE
	EndGlobalSection
EndGlobal
